{
  "name": "ctxmaster",
  "version": "0.0.1",
  "lockfileVersion": 3,
  "requires": true,
  "packages": {
    "": {
      "name": "ctxmaster",
      "version": "0.0.1",
      "license": "MIT",
      "dependencies": {
        "tokenmaster": "^0.0.1"
      },
      "engines": {
        "node": ">=18"
      }
    },
    "node_modules/tokenmaster": {
      "version": "0.0.1",
      "resolved": "https://registry.npmjs.org/tokenmaster/-/tokenmaster-0.0.1.tgz",
      "integrity": "sha512-FQOAn9BrE7PmyL8YfmIv3QH/iHROvU+oVajogBbKe3hdU5BF/xpmXCd4TIzTtubOFlQ2tdxFWxuPVP0z+VoAXQ==",
      "engines": {
        "node": ">=18"
      }
    }
  }
}
